// !$*UTF8*$!
{
	archiveVersion = 1;
	classes = {
	};
	objectVersion = 56;
	objects = {

/* Begin PBXBuildFile section */
		732416A52AB45F2B00172270 /* FrameworkDetailView.swift in Sources */ = {isa = PBXBuildFile; fileRef = 732416A42AB45F2B00172270 /* FrameworkDetailView.swift */; };
		732416A72AB462ED00172270 /* ButtonLabel.swift in Sources */ = {isa = PBXBuildFile; fileRef = 732416A62AB462ED00172270 /* ButtonLabel.swift */; };
		732416AB2AB4697900172270 /* FrameworkGridViewModel.swift in Sources */ = {isa = PBXBuildFile; fileRef = 732416AA2AB4697900172270 /* FrameworkGridViewModel.swift */; };
		732416AE2AB4807900172270 /* EmptyView.swift in Sources */ = {isa = PBXBuildFile; fileRef = 732416AD2AB4807900172270 /* EmptyView.swift */; };
		732416B02AB48D4100172270 /* SafariView.swift in Sources */ = {isa = PBXBuildFile; fileRef = 732416AF2AB48D4100172270 /* SafariView.swift */; };
		732416B22AB492B700172270 /* XDismissButton.swift in Sources */ = {isa = PBXBuildFile; fileRef = 732416B12AB492B700172270 /* XDismissButton.swift */; };
		732416BB2AB4955700172270 /* FrameworkGridItemView.swift in Sources */ = {isa = PBXBuildFile; fileRef = 732416BA2AB4955700172270 /* FrameworkGridItemView.swift */; };
		7391CBAF2ABDA03800D0408B /* FrameworkDetailViewModel.swift in Sources */ = {isa = PBXBuildFile; fileRef = 7391CBAE2ABDA03800D0408B /* FrameworkDetailViewModel.swift */; };
		73989AEA2AC301670099CEDE /* SampleCode.xcconfig in Resources */ = {isa = PBXBuildFile; fileRef = 73989AE92AC301670099CEDE /* SampleCode.xcconfig */; };
		73DB51252AB0AC05001B9EA4 /* AppleFrameworksApp.swift in Sources */ = {isa = PBXBuildFile; fileRef = 73DB51242AB0AC05001B9EA4 /* AppleFrameworksApp.swift */; };
		73DB51272AB0AC05001B9EA4 /* FrameworkGridView.swift in Sources */ = {isa = PBXBuildFile; fileRef = 73DB51262AB0AC05001B9EA4 /* FrameworkGridView.swift */; };
		73DB51292AB0AC06001B9EA4 /* Assets.xcassets in Resources */ = {isa = PBXBuildFile; fileRef = 73DB51282AB0AC06001B9EA4 /* Assets.xcassets */; };
		73DB512C2AB0AC06001B9EA4 /* Preview Assets.xcassets in Resources */ = {isa = PBXBuildFile; fileRef = 73DB512B2AB0AC06001B9EA4 /* Preview Assets.xcassets */; };
		73DB51342AB0AC1D001B9EA4 /* Framework.swift in Sources */ = {isa = PBXBuildFile; fileRef = 73DB51322AB0AC1C001B9EA4 /* Framework.swift */; };
		73DB51352AB0AC1D001B9EA4 /* MockData.swift in Sources */ = {isa = PBXBuildFile; fileRef = 73DB51332AB0AC1D001B9EA4 /* MockData.swift */; };
/* End PBXBuildFile section */

/* Begin PBXFileReference section */
		732416A42AB45F2B00172270 /* FrameworkDetailView.swift */ = {isa = PBXFileReference; lastKnownFileType = sourcecode.swift; path = FrameworkDetailView.swift; sourceTree = "<group>"; };
		732416A62AB462ED00172270 /* ButtonLabel.swift */ = {isa = PBXFileReference; lastKnownFileType = sourcecode.swift; path = ButtonLabel.swift; sourceTree = "<group>"; };
		732416AA2AB4697900172270 /* FrameworkGridViewModel.swift */ = {isa = PBXFileReference; lastKnownFileType = sourcecode.swift; path = FrameworkGridViewModel.swift; sourceTree = "<group>"; };
		732416AD2AB4807900172270 /* EmptyView.swift */ = {isa = PBXFileReference; lastKnownFileType = sourcecode.swift; path = EmptyView.swift; sourceTree = "<group>"; };
		732416AF2AB48D4100172270 /* SafariView.swift */ = {isa = PBXFileReference; lastKnownFileType = sourcecode.swift; path = SafariView.swift; sourceTree = "<group>"; };
		732416B12AB492B700172270 /* XDismissButton.swift */ = {isa = PBXFileReference; lastKnownFileType = sourcecode.swift; path = XDismissButton.swift; sourceTree = "<group>"; };
		732416BA2AB4955700172270 /* FrameworkGridItemView.swift */ = {isa = PBXFileReference; lastKnownFileType = sourcecode.swift; path = FrameworkGridItemView.swift; sourceTree = "<group>"; };
		7391CBAE2ABDA03800D0408B /* FrameworkDetailViewModel.swift */ = {isa = PBXFileReference; lastKnownFileType = sourcecode.swift; path = FrameworkDetailViewModel.swift; sourceTree = "<group>"; };
		73989AE92AC301670099CEDE /* SampleCode.xcconfig */ = {isa = PBXFileReference; fileEncoding = 4; lastKnownFileType = text.xcconfig; path = SampleCode.xcconfig; sourceTree = "<group>"; };
		73DB51212AB0AC05001B9EA4 /* AppleFrameworks.app */ = {isa = PBXFileReference; explicitFileType = wrapper.application; includeInIndex = 0; path = AppleFrameworks.app; sourceTree = BUILT_PRODUCTS_DIR; };
		73DB51242AB0AC05001B9EA4 /* AppleFrameworksApp.swift */ = {isa = PBXFileReference; lastKnownFileType = sourcecode.swift; path = AppleFrameworksApp.swift; sourceTree = "<group>"; };
		73DB51262AB0AC05001B9EA4 /* FrameworkGridView.swift */ = {isa = PBXFileReference; lastKnownFileType = sourcecode.swift; path = FrameworkGridView.swift; sourceTree = "<group>"; };
		73DB51282AB0AC06001B9EA4 /* Assets.xcassets */ = {isa = PBXFileReference; lastKnownFileType = folder.assetcatalog; path = Assets.xcassets; sourceTree = "<group>"; };
		73DB512B2AB0AC06001B9EA4 /* Preview Assets.xcassets */ = {isa = PBXFileReference; lastKnownFileType = folder.assetcatalog; path = "Preview Assets.xcassets"; sourceTree = "<group>"; };
		73DB51322AB0AC1C001B9EA4 /* Framework.swift */ = {isa = PBXFileReference; fileEncoding = 4; lastKnownFileType = sourcecode.swift; path = Framework.swift; sourceTree = "<group>"; };
		73DB51332AB0AC1D001B9EA4 /* MockData.swift */ = {isa = PBXFileReference; fileEncoding = 4; lastKnownFileType = sourcecode.swift; path = MockData.swift; sourceTree = "<group>"; };
/* End PBXFileReference section */

/* Begin PBXFrameworksBuildPhase section */
		73DB511E2AB0AC05001B9EA4 /* Frameworks */ = {
			isa = PBXFrameworksBuildPhase;
			buildActionMask = 2147483647;
			files = (
			);
			runOnlyForDeploymentPostprocessing = 0;
		};
/* End PBXFrameworksBuildPhase section */

/* Begin PBXGroup section */
		732416A82AB4695600172270 /* Views */ = {
			isa = PBXGroup;
			children = (
				732416B62AB4941100172270 /* View */,
				732416B52AB493FC00172270 /* Buttons */,
			);
			path = Views;
			sourceTree = "<group>";
		};
		732416A92AB4695E00172270 /* Models */ = {
			isa = PBXGroup;
			children = (
				73DB51322AB0AC1C001B9EA4 /* Framework.swift */,
				73DB51332AB0AC1D001B9EA4 /* MockData.swift */,
			);
			path = Models;
			sourceTree = "<group>";
		};
		732416B32AB493A800172270 /* Screens */ = {
			isa = PBXGroup;
			children = (
				732416B42AB493AF00172270 /* FrameworkGridView */,
				732416B82AB4946F00172270 /* FrameworkDetailVoew */,
			);
			path = Screens;
			sourceTree = "<group>";
		};
		732416B42AB493AF00172270 /* FrameworkGridView */ = {
			isa = PBXGroup;
			children = (
				732416AA2AB4697900172270 /* FrameworkGridViewModel.swift */,
				73DB51262AB0AC05001B9EA4 /* FrameworkGridView.swift */,
			);
			path = FrameworkGridView;
			sourceTree = "<group>";
		};
		732416B52AB493FC00172270 /* Buttons */ = {
			isa = PBXGroup;
			children = (
				732416A62AB462ED00172270 /* ButtonLabel.swift */,
			);
			path = Buttons;
			sourceTree = "<group>";
		};
		732416B62AB4941100172270 /* View */ = {
			isa = PBXGroup;
			children = (
				732416AD2AB4807900172270 /* EmptyView.swift */,
				732416B12AB492B700172270 /* XDismissButton.swift */,
				732416BA2AB4955700172270 /* FrameworkGridItemView.swift */,
			);
			path = View;
			sourceTree = "<group>";
		};
		732416B72AB4942000172270 /* UIKitComponents */ = {
			isa = PBXGroup;
			children = (
				732416AF2AB48D4100172270 /* SafariView.swift */,
			);
			path = UIKitComponents;
			sourceTree = "<group>";
		};
		732416B82AB4946F00172270 /* FrameworkDetailVoew */ = {
			isa = PBXGroup;
			children = (
				7391CBAE2ABDA03800D0408B /* FrameworkDetailViewModel.swift */,
				732416A42AB45F2B00172270 /* FrameworkDetailView.swift */,
			);
			path = FrameworkDetailVoew;
			sourceTree = "<group>";
		};
		732416B92AB4949200172270 /* Resources */ = {
			isa = PBXGroup;
			children = (
				73DB51282AB0AC06001B9EA4 /* Assets.xcassets */,
			);
			path = Resources;
			sourceTree = "<group>";
		};
		73DB51182AB0AC05001B9EA4 = {
			isa = PBXGroup;
			children = (
				73DB51232AB0AC05001B9EA4 /* AppleFrameworks */,
				73DB51222AB0AC05001B9EA4 /* Products */,
			);
			sourceTree = "<group>";
		};
		73DB51222AB0AC05001B9EA4 /* Products */ = {
			isa = PBXGroup;
			children = (
				73DB51212AB0AC05001B9EA4 /* AppleFrameworks.app */,
			);
			name = Products;
			sourceTree = "<group>";
		};
		73DB51232AB0AC05001B9EA4 /* AppleFrameworks */ = {
			isa = PBXGroup;
			children = (
				73989AE92AC301670099CEDE /* SampleCode.xcconfig */,
				73DB51242AB0AC05001B9EA4 /* AppleFrameworksApp.swift */,
				732416B32AB493A800172270 /* Screens */,
				732416A92AB4695E00172270 /* Models */,
				732416A82AB4695600172270 /* Views */,
				732416B72AB4942000172270 /* UIKitComponents */,
				732416B92AB4949200172270 /* Resources */,
				73DB512A2AB0AC06001B9EA4 /* Preview Content */,
			);
			path = AppleFrameworks;
			sourceTree = "<group>";
		};
		73DB512A2AB0AC06001B9EA4 /* Preview Content */ = {
			isa = PBXGroup;
			children = (
				73DB512B2AB0AC06001B9EA4 /* Preview Assets.xcassets */,
			);
			path = "Preview Content";
			sourceTree = "<group>";
		};
/* End PBXGroup section */

/* Begin PBXNativeTarget section */
		73DB51202AB0AC05001B9EA4 /* AppleFrameworks */ = {
			isa = PBXNativeTarget;
			buildConfigurationList = 73DB512F2AB0AC06001B9EA4 /* Build configuration list for PBXNativeTarget "AppleFrameworks" */;
			buildPhases = (
				73DB511D2AB0AC05001B9EA4 /* Sources */,
				73DB511E2AB0AC05001B9EA4 /* Frameworks */,
				73DB511F2AB0AC05001B9EA4 /* Resources */,
			);
			buildRules = (
			);
			dependencies = (
			);
			name = AppleFrameworks;
			productName = AppleFrameworks;
			productReference = 73DB51212AB0AC05001B9EA4 /* AppleFrameworks.app */;
			productType = "com.apple.product-type.application";
		};
/* End PBXNativeTarget section */

/* Begin PBXProject section */
		73DB51192AB0AC05001B9EA4 /* Project object */ = {
			isa = PBXProject;
			attributes = {
				BuildIndependentTargetsInParallel = 1;
				LastSwiftUpdateCheck = 1430;
				LastUpgradeCheck = 1430;
				TargetAttributes = {
					73DB51202AB0AC05001B9EA4 = {
						CreatedOnToolsVersion = 14.3.1;
					};
				};
			};
			buildConfigurationList = 73DB511C2AB0AC05001B9EA4 /* Build configuration list for PBXProject "AppleFrameworks" */;
			compatibilityVersion = "Xcode 14.0";
			developmentRegion = en;
			hasScannedForEncodings = 0;
			knownRegions = (
				en,
				Base,
			);
			mainGroup = 73DB51182AB0AC05001B9EA4;
			productRefGroup = 73DB51222AB0AC05001B9EA4 /* Products */;
			projectDirPath = "";
			projectRoot = "";
			targets = (
				73DB51202AB0AC05001B9EA4 /* AppleFrameworks */,
			);
		};
/* End PBXProject section */

/* Begin PBXResourcesBuildPhase section */
		73DB511F2AB0AC05001B9EA4 /* Resources */ = {
			isa = PBXResourcesBuildPhase;
			buildActionMask = 2147483647;
			files = (
				73DB512C2AB0AC06001B9EA4 /* Preview Assets.xcassets in Resources */,
				73989AEA2AC301670099CEDE /* SampleCode.xcconfig in Resources */,
				73DB51292AB0AC06001B9EA4 /* Assets.xcassets in Resources */,
			);
			runOnlyForDeploymentPostprocessing = 0;
		};
/* End PBXResourcesBuildPhase section */

/* Begin PBXSourcesBuildPhase section */
		73DB511D2AB0AC05001B9EA4 /* Sources */ = {
			isa = PBXSourcesBuildPhase;
			buildActionMask = 2147483647;
			files = (
				73DB51272AB0AC05001B9EA4 /* FrameworkGridView.swift in Sources */,
				732416AE2AB4807900172270 /* EmptyView.swift in Sources */,
				73DB51352AB0AC1D001B9EA4 /* MockData.swift in Sources */,
				732416A52AB45F2B00172270 /* FrameworkDetailView.swift in Sources */,
				732416B02AB48D4100172270 /* SafariView.swift in Sources */,
				73DB51342AB0AC1D001B9EA4 /* Framework.swift in Sources */,
				7391CBAF2ABDA03800D0408B /* FrameworkDetailViewModel.swift in Sources */,
				732416BB2AB4955700172270 /* FrameworkGridItemView.swift in Sources */,
				73DB51252AB0AC05001B9EA4 /* AppleFrameworksApp.swift in Sources */,
				732416A72AB462ED00172270 /* ButtonLabel.swift in Sources */,
				732416B22AB492B700172270 /* XDismissButton.swift in Sources */,
				732416AB2AB4697900172270 /* FrameworkGridViewModel.swift in Sources */,
			);
			runOnlyForDeploymentPostprocessing = 0;
		};
/* End PBXSourcesBuildPhase section */

/* Begin XCBuildConfiguration section */
		73DB512D2AB0AC06001B9EA4 /* Debug */ = {
			isa = XCBuildConfiguration;
			buildSettings = {
				ALWAYS_SEARCH_USER_PATHS = NO;
				CLANG_ANALYZER_NONNULL = YES;
				CLANG_ANALYZER_NUMBER_OBJECT_CONVERSION = YES_AGGRESSIVE;
				CLANG_CXX_LANGUAGE_STANDARD = "gnu++20";
				CLANG_ENABLE_MODULES = YES;
				CLANG_ENABLE_OBJC_ARC = YES;
				CLANG_ENABLE_OBJC_WEAK = YES;
				CLANG_WARN_BLOCK_CAPTURE_AUTORELEASING = YES;
				CLANG_WARN_BOOL_CONVERSION = YES;
				CLANG_WARN_COMMA = YES;
				CLANG_WARN_CONSTANT_CONVERSION = YES;
				CLANG_WARN_DEPRECATED_OBJC_IMPLEMENTATIONS = YES;
				CLANG_WARN_DIRECT_OBJC_ISA_USAGE = YES_ERROR;
				CLANG_WARN_DOCUMENTATION_COMMENTS = YES;
				CLANG_WARN_EMPTY_BODY = YES;
				CLANG_WARN_ENUM_CONVERSION = YES;
				CLANG_WARN_INFINITE_RECURSION = YES;
				CLANG_WARN_INT_CONVERSION = YES;
				CLANG_WARN_NON_LITERAL_NULL_CONVERSION = YES;
				CLANG_WARN_OBJC_IMPLICIT_RETAIN_SELF = YES;
				CLANG_WARN_OBJC_LITERAL_CONVERSION = YES;
				CLANG_WARN_OBJC_ROOT_CLASS = YES_ERROR;
				CLANG_WARN_QUOTED_INCLUDE_IN_FRAMEWORK_HEADER = YES;
				CLANG_WARN_RANGE_LOOP_ANALYSIS = YES;
				CLANG_WARN_STRICT_PROTOTYPES = YES;
				CLANG_WARN_SUSPICIOUS_MOVE = YES;
				CLANG_WARN_UNGUARDED_AVAILABILITY = YES_AGGRESSIVE;
				CLANG_WARN_UNREACHABLE_CODE = YES;
				CLANG_WARN__DUPLICATE_METHOD_MATCH = YES;
				COPY_PHASE_STRIP = NO;
				DEBUG_INFORMATION_FORMAT = dwarf;
				ENABLE_STRICT_OBJC_MSGSEND = YES;
				ENABLE_TESTABILITY = YES;
				GCC_C_LANGUAGE_STANDARD = gnu11;
				GCC_DYNAMIC_NO_PIC = NO;
				GCC_NO_COMMON_BLOCKS = YES;
				GCC_OPTIMIZATION_LEVEL = 0;
				GCC_PREPROCESSOR_DEFINITIONS = (
					"DEBUG=1",
					"$(inherited)",
				);
				GCC_WARN_64_TO_32_BIT_CONVERSION = YES;
				GCC_WARN_ABOUT_RETURN_TYPE = YES_ERROR;
				GCC_WARN_UNDECLARED_SELECTOR = YES;
				GCC_WARN_UNINITIALIZED_AUTOS = YES_AGGRESSIVE;
				GCC_WARN_UNUSED_FUNCTION = YES;
				GCC_WARN_UNUSED_VARIABLE = YES;
				IPHONEOS_DEPLOYMENT_TARGET = 16.4;
				MTL_ENABLE_DEBUG_INFO = INCLUDE_SOURCE;
				MTL_FAST_MATH = YES;
				ONLY_ACTIVE_ARCH = YES;
				SDKROOT = iphoneos;
				SWIFT_ACTIVE_COMPILATION_CONDITIONS = DEBUG;
				SWIFT_OPTIMIZATION_LEVEL = "-Onone";
			};
			name = Debug;
		};
		73DB512E2AB0AC06001B9EA4 /* Release */ = {
			isa = XCBuildConfiguration;
			buildSettings = {
				ALWAYS_SEARCH_USER_PATHS = NO;
				CLANG_ANALYZER_NONNULL = YES;
				CLANG_ANALYZER_NUMBER_OBJECT_CONVERSION = YES_AGGRESSIVE;
				CLANG_CXX_LANGUAGE_STANDARD = "gnu++20";
				CLANG_ENABLE_MODULES = YES;
				CLANG_ENABLE_OBJC_ARC = YES;
				CLANG_ENABLE_OBJC_WEAK = YES;
				CLANG_WARN_BLOCK_CAPTURE_AUTORELEASING = YES;
				CLANG_WARN_BOOL_CONVERSION = YES;
				CLANG_WARN_COMMA = YES;
				CLANG_WARN_CONSTANT_CONVERSION = YES;
				CLANG_WARN_DEPRECATED_OBJC_IMPLEMENTATIONS = YES;
				CLANG_WARN_DIRECT_OBJC_ISA_USAGE = YES_ERROR;
				CLANG_WARN_DOCUMENTATION_COMMENTS = YES;
				CLANG_WARN_EMPTY_BODY = YES;
				CLANG_WARN_ENUM_CONVERSION = YES;
				CLANG_WARN_INFINITE_RECURSION = YES;
				CLANG_WARN_INT_CONVERSION = YES;
				CLANG_WARN_NON_LITERAL_NULL_CONVERSION = YES;
				CLANG_WARN_OBJC_IMPLICIT_RETAIN_SELF = YES;
				CLANG_WARN_OBJC_LITERAL_CONVERSION = YES;
				CLANG_WARN_OBJC_ROOT_CLASS = YES_ERROR;
				CLANG_WARN_QUOTED_INCLUDE_IN_FRAMEWORK_HEADER = YES;
				CLANG_WARN_RANGE_LOOP_ANALYSIS = YES;
				CLANG_WARN_STRICT_PROTOTYPES = YES;
				CLANG_WARN_SUSPICIOUS_MOVE = YES;
				CLANG_WARN_UNGUARDED_AVAILABILITY = YES_AGGRESSIVE;
				CLANG_WARN_UNREACHABLE_CODE = YES;
				CLANG_WARN__DUPLICATE_METHOD_MATCH = YES;
				COPY_PHASE_STRIP = NO;
				DEBUG_INFORMATION_FORMAT = "dwarf-with-dsym";
				ENABLE_NS_ASSERTIONS = NO;
				ENABLE_STRICT_OBJC_MSGSEND = YES;
				GCC_C_LANGUAGE_STANDARD = gnu11;
				GCC_NO_COMMON_BLOCKS = YES;
				GCC_WARN_64_TO_32_BIT_CONVERSION = YES;
				GCC_WARN_ABOUT_RETURN_TYPE = YES_ERROR;
				GCC_WARN_UNDECLARED_SELECTOR = YES;
				GCC_WARN_UNINITIALIZED_AUTOS = YES_AGGRESSIVE;
				GCC_WARN_UNUSED_FUNCTION = YES;
				GCC_WARN_UNUSED_VARIABLE = YES;
				IPHONEOS_DEPLOYMENT_TARGET = 16.4;
				MTL_ENABLE_DEBUG_INFO = NO;
				MTL_FAST_MATH = YES;
				SDKROOT = iphoneos;
				SWIFT_COMPILATION_MODE = wholemodule;
				SWIFT_OPTIMIZATION_LEVEL = "-O";
				VALIDATE_PRODUCT = YES;
			};
			name = Release;
		};
		73DB51302AB0AC06001B9EA4 /* Debug */ = {
			isa = XCBuildConfiguration;
			baseConfigurationReference = 73989AE92AC301670099CEDE /* SampleCode.xcconfig */;
			buildSettings = {
				ASSETCATALOG_COMPILER_APPICON_NAME = AppIcon;
				ASSETCATALOG_COMPILER_GLOBAL_ACCENT_COLOR_NAME = AccentColor;
				CODE_SIGN_STYLE = Automatic;
				CURRENT_PROJECT_VERSION = 1;
				DEVELOPMENT_ASSET_PATHS = "\"AppleFrameworks/Preview Content\"";
				DEVELOPMENT_TEAM = "";
				ENABLE_PREVIEWS = YES;
				GENERATE_INFOPLIST_FILE = YES;
				INFOPLIST_KEY_UIApplicationSceneManifest_Generation = YES;
				INFOPLIST_KEY_UIApplicationSupportsIndirectInputEvents = YES;
				INFOPLIST_KEY_UILaunchScreen_Generation = YES;
				INFOPLIST_KEY_UISupportedInterfaceOrientations_iPad = "UIInterfaceOrientationPortrait UIInterfaceOrientationPortraitUpsideDown UIInterfaceOrientationLandscapeLeft UIInterfaceOrientationLandscapeRight";
				INFOPLIST_KEY_UISupportedInterfaceOrientations_iPhone = "UIInterfaceOrientationPortrait UIInterfaceOrientationLandscapeLeft UIInterfaceOrientationLandscapeRight";
				LD_RUNPATH_SEARCH_PATHS = (
					"$(inherited)",
					"@executable_path/Frameworks",
				);
				MARKETING_VERSION = 1.0;
				PRODUCT_BUNDLE_IDENTIFIER = com.example.AppleFrameworks;
				PRODUCT_NAME = "$(TARGET_NAME)";
				SWIFT_EMIT_LOC_STRINGS = YES;
				SWIFT_VERSION = 5.0;
				TARGETED_DEVICE_FAMILY = "1,2";
			};
			name = Debug;
		};
		73DB51312AB0AC06001B9EA4 /* Release */ = {
			isa = XCBuildConfiguration;
			baseConfigurationReference = 73989AE92AC301670099CEDE /* SampleCode.xcconfig */;
			buildSettings = {
				ASSETCATALOG_COMPILER_APPICON_NAME = AppIcon;
				ASSETCATALOG_COMPILER_GLOBAL_ACCENT_COLOR_NAME = AccentColor;
				CODE_SIGN_STYLE = Automatic;
				CURRENT_PROJECT_VERSION = 1;
				DEVELOPMENT_ASSET_PATHS = "\"AppleFrameworks/Preview Content\"";
				DEVELOPMENT_TEAM = "";
				ENABLE_PREVIEWS = YES;
				GENERATE_INFOPLIST_FILE = YES;
				INFOPLIST_KEY_UIApplicationSceneManifest_Generation = YES;
				INFOPLIST_KEY_UIApplicationSupportsIndirectInputEvents = YES;
				INFOPLIST_KEY_UILaunchScreen_Generation = YES;
				INFOPLIST_KEY_UISupportedInterfaceOrientations_iPad = "UIInterfaceOrientationPortrait UIInterfaceOrientationPortraitUpsideDown UIInterfaceOrientationLandscapeLeft UIInterfaceOrientationLandscapeRight";
				INFOPLIST_KEY_UISupportedInterfaceOrientations_iPhone = "UIInterfaceOrientationPortrait UIInterfaceOrientationLandscapeLeft UIInterfaceOrientationLandscapeRight";
				LD_RUNPATH_SEARCH_PATHS = (
					"$(inherited)",
					"@executable_path/Frameworks",
				);
				MARKETING_VERSION = 1.0;
				PRODUCT_BUNDLE_IDENTIFIER = com.example.AppleFrameworks;
				PRODUCT_NAME = "$(TARGET_NAME)";
				SWIFT_EMIT_LOC_STRINGS = YES;
				SWIFT_VERSION = 5.0;
				TARGETED_DEVICE_FAMILY = "1,2";
			};
			name = Release;
		};
/* End XCBuildConfiguration section */

/* Begin XCConfigurationList section */
		73DB511C2AB0AC05001B9EA4 /* Build configuration list for PBXProject "AppleFrameworks" */ = {
			isa = XCConfigurationList;
			buildConfigurations = (
				73DB512D2AB0AC06001B9EA4 /* Debug */,
				73DB512E2AB0AC06001B9EA4 /* Release */,
			);
			defaultConfigurationIsVisible = 0;
			defaultConfigurationName = Release;
		};
		73DB512F2AB0AC06001B9EA4 /* Build configuration list for PBXNativeTarget "AppleFrameworks" */ = {
			isa = XCConfigurationList;
			buildConfigurations = (
				73DB51302AB0AC06001B9EA4 /* Debug */,
				73DB51312AB0AC06001B9EA4 /* Release */,
			);
			defaultConfigurationIsVisible = 0;
			defaultConfigurationName = Release;
		};
/* End XCConfigurationList section */
	};
	rootObject = 73DB51192AB0AC05001B9EA4 /* Project object */;
}
